<Solution>
  <Project Path="NeoCompose.Unity.Tests.csproj" />
  <Project Path="NeoCompose.Unity.Convex.Tests.csproj" />
  <Project Path="NeoCompose.Unity.csproj" />
  <Project Path="HelloWorld.csproj" />
  <Project Path="NeoCompose.Unity.Editor.csproj" />
  <Project Path="Tests.csproj" />
  <Project Path="NeoCompose.Unity.Convex.csproj" />
  <Project Path="NeoCompose.Unity.Convex.Editor.csproj" />
  <Project Path="Assembly-CSharp-Editor.csproj" />
</Solution>
